// !$*UTF8*$!
{
	archiveVersion = 1;
	classes = {
	};
	objectVersion = 55;
	objects = {

/* Begin PBXBuildFile section */
		C84723322896AFBA003B463E /* work3_List_with_picApp.swift in Sources */ = {isa = PBXBuildFile; fileRef = C84723312896AFBA003B463E /* work3_List_with_picApp.swift */; };
		C84723342896AFBA003B463E /* ContentView.swift in Sources */ = {isa = PBXBuildFile; fileRef = C84723332896AFBA003B463E /* ContentView.swift */; };
		C84723362896AFBB003B463E /* Assets.xcassets in Resources */ = {isa = PBXBuildFile; fileRef = C84723352896AFBB003B463E /* Assets.xcassets */; };
		C84723392896AFBB003B463E /* Preview Assets.xcassets in Resources */ = {isa = PBXBuildFile; fileRef = C84723382896AFBB003B463E /* Preview Assets.xcassets */; };
		C84723432896AFBB003B463E /* work3_List_with_picTests.swift in Sources */ = {isa = PBXBuildFile; fileRef = C84723422896AFBB003B463E /* work3_List_with_picTests.swift */; };
		C847234D2896AFBB003B463E /* work3_List_with_picUITests.swift in Sources */ = {isa = PBXBuildFile; fileRef = C847234C2896AFBB003B463E /* work3_List_with_picUITests.swift */; };
		C847234F2896AFBB003B463E /* work3_List_with_picUITestsLaunchTests.swift in Sources */ = {isa = PBXBuildFile; fileRef = C847234E2896AFBB003B463E /* work3_List_with_picUITestsLaunchTests.swift */; };
/* End PBXBuildFile section */

/* Begin PBXContainerItemProxy section */
		C847233F2896AFBB003B463E /* PBXContainerItemProxy */ = {
			isa = PBXContainerItemProxy;
			containerPortal = C84723262896AFBA003B463E /* Project object */;
			proxyType = 1;
			remoteGlobalIDString = C847232D2896AFBA003B463E;
			remoteInfo = "work3_List with pic";
		};
		C84723492896AFBB003B463E /* PBXContainerItemProxy */ = {
			isa = PBXContainerItemProxy;
			containerPortal = C84723262896AFBA003B463E /* Project object */;
			proxyType = 1;
			remoteGlobalIDString = C847232D2896AFBA003B463E;
			remoteInfo = "work3_List with pic";
		};
/* End PBXContainerItemProxy section */

/* Begin PBXFileReference section */
		C847232E2896AFBA003B463E /* work3_List with pic.app */ = {isa = PBXFileReference; explicitFileType = wrapper.application; includeInIndex = 0; path = "work3_List with pic.app"; sourceTree = BUILT_PRODUCTS_DIR; };
		C84723312896AFBA003B463E /* work3_List_with_picApp.swift */ = {isa = PBXFileReference; lastKnownFileType = sourcecode.swift; path = work3_List_with_picApp.swift; sourceTree = "<group>"; };
		C84723332896AFBA003B463E /* ContentView.swift */ = {isa = PBXFileReference; lastKnownFileType = sourcecode.swift; path = ContentView.swift; sourceTree = "<group>"; };
		C84723352896AFBB003B463E /* Assets.xcassets */ = {isa = PBXFileReference; lastKnownFileType = folder.assetcatalog; path = Assets.xcassets; sourceTree = "<group>"; };
		C84723382896AFBB003B463E /* Preview Assets.xcassets */ = {isa = PBXFileReference; lastKnownFileType = folder.assetcatalog; path = "Preview Assets.xcassets"; sourceTree = "<group>"; };
		C847233E2896AFBB003B463E /* work3_List with picTests.xctest */ = {isa = PBXFileReference; explicitFileType = wrapper.cfbundle; includeInIndex = 0; path = "work3_List with picTests.xctest"; sourceTree = BUILT_PRODUCTS_DIR; };
		C84723422896AFBB003B463E /* work3_List_with_picTests.swift */ = {isa = PBXFileReference; lastKnownFileType = sourcecode.swift; path = work3_List_with_picTests.swift; sourceTree = "<group>"; };
		C84723482896AFBB003B463E /* work3_List with picUITests.xctest */ = {isa = PBXFileReference; explicitFileType = wrapper.cfbundle; includeInIndex = 0; path = "work3_List with picUITests.xctest"; sourceTree = BUILT_PRODUCTS_DIR; };
		C847234C2896AFBB003B463E /* work3_List_with_picUITests.swift */ = {isa = PBXFileReference; lastKnownFileType = sourcecode.swift; path = work3_List_with_picUITests.swift; sourceTree = "<group>"; };
		C847234E2896AFBB003B463E /* work3_List_with_picUITestsLaunchTests.swift */ = {isa = PBXFileReference; lastKnownFileType = sourcecode.swift; path = work3_List_with_picUITestsLaunchTests.swift; sourceTree = "<group>"; };
/* End PBXFileReference section */

/* Begin PBXFrameworksBuildPhase section */
		C847232B2896AFBA003B463E /* Frameworks */ = {
			isa = PBXFrameworksBuildPhase;
			buildActionMask = 2147483647;
			files = (
			);
			runOnlyForDeploymentPostprocessing = 0;
		};
		C847233B2896AFBB003B463E /* Frameworks */ = {
			isa = PBXFrameworksBuildPhase;
			buildActionMask = 2147483647;
			files = (
			);
			runOnlyForDeploymentPostprocessing = 0;
		};
		C84723452896AFBB003B463E /* Frameworks */ = {
			isa = PBXFrameworksBuildPhase;
			buildActionMask = 2147483647;
			files = (
			);
			runOnlyForDeploymentPostprocessing = 0;
		};
/* End PBXFrameworksBuildPhase section */

/* Begin PBXGroup section */
		C84723252896AFBA003B463E = {
			isa = PBXGroup;
			children = (
				C84723302896AFBA003B463E /* work3_List with pic */,
				C84723412896AFBB003B463E /* work3_List with picTests */,
				C847234B2896AFBB003B463E /* work3_List with picUITests */,
				C847232F2896AFBA003B463E /* Products */,
			);
			sourceTree = "<group>";
		};
		C847232F2896AFBA003B463E /* Products */ = {
			isa = PBXGroup;
			children = (
				C847232E2896AFBA003B463E /* work3_List with pic.app */,
				C847233E2896AFBB003B463E /* work3_List with picTests.xctest */,
				C84723482896AFBB003B463E /* work3_List with picUITests.xctest */,
			);
			name = Products;
			sourceTree = "<group>";
		};
		C84723302896AFBA003B463E /* work3_List with pic */ = {
			isa = PBXGroup;
			children = (
				C84723312896AFBA003B463E /* work3_List_with_picApp.swift */,
				C84723332896AFBA003B463E /* ContentView.swift */,
				C84723352896AFBB003B463E /* Assets.xcassets */,
				C84723372896AFBB003B463E /* Preview Content */,
			);
			path = "work3_List with pic";
			sourceTree = "<group>";
		};
		C84723372896AFBB003B463E /* Preview Content */ = {
			isa = PBXGroup;
			children = (
				C84723382896AFBB003B463E /* Preview Assets.xcassets */,
			);
			path = "Preview Content";
			sourceTree = "<group>";
		};
		C84723412896AFBB003B463E /* work3_List with picTests */ = {
			isa = PBXGroup;
			children = (
				C84723422896AFBB003B463E /* work3_List_with_picTests.swift */,
			);
			path = "work3_List with picTests";
			sourceTree = "<group>";
		};
		C847234B2896AFBB003B463E /* work3_List with picUITests */ = {
			isa = PBXGroup;
			children = (
				C847234C2896AFBB003B463E /* work3_List_with_picUITests.swift */,
				C847234E2896AFBB003B463E /* work3_List_with_picUITestsLaunchTests.swift */,
			);
			path = "work3_List with picUITests";
			sourceTree = "<group>";
		};
/* End PBXGroup section */

/* Begin PBXNativeTarget section */
		C847232D2896AFBA003B463E /* work3_List with pic */ = {
			isa = PBXNativeTarget;
			buildConfigurationList = C84723522896AFBB003B463E /* Build configuration list for PBXNativeTarget "work3_List with pic" */;
			buildPhases = (
				C847232A2896AFBA003B463E /* Sources */,
				C847232B2896AFBA003B463E /* Frameworks */,
				C847232C2896AFBA003B463E /* Resources */,
			);
			buildRules = (
			);
			dependencies = (
			);
			name = "work3_List with pic";
			productName = "work3_List with pic";
			productReference = C847232E2896AFBA003B463E /* work3_List with pic.app */;
			productType = "com.apple.product-type.application";
		};
		C847233D2896AFBB003B463E /* work3_List with picTests */ = {
			isa = PBXNativeTarget;
			buildConfigurationList = C84723552896AFBB003B463E /* Build configuration list for PBXNativeTarget "work3_List with picTests" */;
			buildPhases = (
				C847233A2896AFBB003B463E /* Sources */,
				C847233B2896AFBB003B463E /* Frameworks */,
				C847233C2896AFBB003B463E /* Resources */,
			);
			buildRules = (
			);
			dependencies = (
				C84723402896AFBB003B463E /* PBXTargetDependency */,
			);
			name = "work3_List with picTests";
			productName = "work3_List with picTests";
			productReference = C847233E2896AFBB003B463E /* work3_List with picTests.xctest */;
			productType = "com.apple.product-type.bundle.unit-test";
		};
		C84723472896AFBB003B463E /* work3_List with picUITests */ = {
			isa = PBXNativeTarget;
			buildConfigurationList = C84723582896AFBB003B463E /* Build configuration list for PBXNativeTarget "work3_List with picUITests" */;
			buildPhases = (
				C84723442896AFBB003B463E /* Sources */,
				C84723452896AFBB003B463E /* Frameworks */,
				C84723462896AFBB003B463E /* Resources */,
			);
			buildRules = (
			);
			dependencies = (
				C847234A2896AFBB003B463E /* PBXTargetDependency */,
			);
			name = "work3_List with picUITests";
			productName = "work3_List with picUITests";
			productReference = C84723482896AFBB003B463E /* work3_List with picUITests.xctest */;
			productType = "com.apple.product-type.bundle.ui-testing";
		};
/* End PBXNativeTarget section */

/* Begin PBXProject section */
		C84723262896AFBA003B463E /* Project object */ = {
			isa = PBXProject;
			attributes = {
				BuildIndependentTargetsInParallel = 1;
				LastSwiftUpdateCheck = 1320;
				LastUpgradeCheck = 1320;
				TargetAttributes = {
					C847232D2896AFBA003B463E = {
						CreatedOnToolsVersion = 13.2.1;
					};
					C847233D2896AFBB003B463E = {
						CreatedOnToolsVersion = 13.2.1;
						TestTargetID = C847232D2896AFBA003B463E;
					};
					C84723472896AFBB003B463E = {
						CreatedOnToolsVersion = 13.2.1;
						TestTargetID = C847232D2896AFBA003B463E;
					};
				};
			};
			buildConfigurationList = C84723292896AFBA003B463E /* Build configuration list for PBXProject "work3_List with pic" */;
			compatibilityVersion = "Xcode 13.0";
			developmentRegion = en;
			hasScannedForEncodings = 0;
			knownRegions = (
				en,
				Base,
			);
			mainGroup = C84723252896AFBA003B463E;
			productRefGroup = C847232F2896AFBA003B463E /* Products */;
			projectDirPath = "";
			projectRoot = "";
			targets = (
				C847232D2896AFBA003B463E /* work3_List with pic */,
				C847233D2896AFBB003B463E /* work3_List with picTests */,
				C84723472896AFBB003B463E /* work3_List with picUITests */,
			);
		};
/* End PBXProject section */

/* Begin PBXResourcesBuildPhase section */
		C847232C2896AFBA003B463E /* Resources */ = {
			isa = PBXResourcesBuildPhase;
			buildActionMask = 2147483647;
			files = (
				C84723392896AFBB003B463E /* Preview Assets.xcassets in Resources */,
				C84723362896AFBB003B463E /* Assets.xcassets in Resources */,
			);
			runOnlyForDeploymentPostprocessing = 0;
		};
		C847233C2896AFBB003B463E /* Resources */ = {
			isa = PBXResourcesBuildPhase;
			buildActionMask = 2147483647;
			files = (
			);
			runOnlyForDeploymentPostprocessing = 0;
		};
		C84723462896AFBB003B463E /* Resources */ = {
			isa = PBXResourcesBuildPhase;
			buildActionMask = 2147483647;
			files = (
			);
			runOnlyForDeploymentPostprocessing = 0;
		};
/* End PBXResourcesBuildPhase section */

/* Begin PBXSourcesBuildPhase section */
		C847232A2896AFBA003B463E /* Sources */ = {
			isa = PBXSourcesBuildPhase;
			buildActionMask = 2147483647;
			files = (
				C84723342896AFBA003B463E /* ContentView.swift in Sources */,
				C84723322896AFBA003B463E /* work3_List_with_picApp.swift in Sources */,
			);
			runOnlyForDeploymentPostprocessing = 0;
		};
		C847233A2896AFBB003B463E /* Sources */ = {
			isa = PBXSourcesBuildPhase;
			buildActionMask = 2147483647;
			files = (
				C84723432896AFBB003B463E /* work3_List_with_picTests.swift in Sources */,
			);
			runOnlyForDeploymentPostprocessing = 0;
		};
		C84723442896AFBB003B463E /* Sources */ = {
			isa = PBXSourcesBuildPhase;
			buildActionMask = 2147483647;
			files = (
				C847234F2896AFBB003B463E /* work3_List_with_picUITestsLaunchTests.swift in Sources */,
				C847234D2896AFBB003B463E /* work3_List_with_picUITests.swift in Sources */,
			);
			runOnlyForDeploymentPostprocessing = 0;
		};
/* End PBXSourcesBuildPhase section */

/* Begin PBXTargetDependency section */
		C84723402896AFBB003B463E /* PBXTargetDependency */ = {
			isa = PBXTargetDependency;
			target = C847232D2896AFBA003B463E /* work3_List with pic */;
			targetProxy = C847233F2896AFBB003B463E /* PBXContainerItemProxy */;
		};
		C847234A2896AFBB003B463E /* PBXTargetDependency */ = {
			isa = PBXTargetDependency;
			target = C847232D2896AFBA003B463E /* work3_List with pic */;
			targetProxy = C84723492896AFBB003B463E /* PBXContainerItemProxy */;
		};
/* End PBXTargetDependency section */

/* Begin XCBuildConfiguration section */
		C84723502896AFBB003B463E /* Debug */ = {
			isa = XCBuildConfiguration;
			buildSettings = {
				ALWAYS_SEARCH_USER_PATHS = NO;
				CLANG_ANALYZER_NONNULL = YES;
				CLANG_ANALYZER_NUMBER_OBJECT_CONVERSION = YES_AGGRESSIVE;
				CLANG_CXX_LANGUAGE_STANDARD = "gnu++17";
				CLANG_CXX_LIBRARY = "libc++";
				CLANG_ENABLE_MODULES = YES;
				CLANG_ENABLE_OBJC_ARC = YES;
				CLANG_ENABLE_OBJC_WEAK = YES;
				CLANG_WARN_BLOCK_CAPTURE_AUTORELEASING = YES;
				CLANG_WARN_BOOL_CONVERSION = YES;
				CLANG_WARN_COMMA = YES;
				CLANG_WARN_CONSTANT_CONVERSION = YES;
				CLANG_WARN_DEPRECATED_OBJC_IMPLEMENTATIONS = YES;
				CLANG_WARN_DIRECT_OBJC_ISA_USAGE = YES_ERROR;
				CLANG_WARN_DOCUMENTATION_COMMENTS = YES;
				CLANG_WARN_EMPTY_BODY = YES;
				CLANG_WARN_ENUM_CONVERSION = YES;
				CLANG_WARN_INFINITE_RECURSION = YES;
				CLANG_WARN_INT_CONVERSION = YES;
				CLANG_WARN_NON_LITERAL_NULL_CONVERSION = YES;
				CLANG_WARN_OBJC_IMPLICIT_RETAIN_SELF = YES;
				CLANG_WARN_OBJC_LITERAL_CONVERSION = YES;
				CLANG_WARN_OBJC_ROOT_CLASS = YES_ERROR;
				CLANG_WARN_QUOTED_INCLUDE_IN_FRAMEWORK_HEADER = YES;
				CLANG_WARN_RANGE_LOOP_ANALYSIS = YES;
				CLANG_WARN_STRICT_PROTOTYPES = YES;
				CLANG_WARN_SUSPICIOUS_MOVE = YES;
				CLANG_WARN_UNGUARDED_AVAILABILITY = YES_AGGRESSIVE;
				CLANG_WARN_UNREACHABLE_CODE = YES;
				CLANG_WARN__DUPLICATE_METHOD_MATCH = YES;
				COPY_PHASE_STRIP = NO;
				DEBUG_INFORMATION_FORMAT = dwarf;
				ENABLE_STRICT_OBJC_MSGSEND = YES;
				ENABLE_TESTABILITY = YES;
				GCC_C_LANGUAGE_STANDARD = gnu11;
				GCC_DYNAMIC_NO_PIC = NO;
				GCC_NO_COMMON_BLOCKS = YES;
				GCC_OPTIMIZATION_LEVEL = 0;
				GCC_PREPROCESSOR_DEFINITIONS = (
					"DEBUG=1",
					"$(inherited)",
				);
				GCC_WARN_64_TO_32_BIT_CONVERSION = YES;
				GCC_WARN_ABOUT_RETURN_TYPE = YES_ERROR;
				GCC_WARN_UNDECLARED_SELECTOR = YES;
				GCC_WARN_UNINITIALIZED_AUTOS = YES_AGGRESSIVE;
				GCC_WARN_UNUSED_FUNCTION = YES;
				GCC_WARN_UNUSED_VARIABLE = YES;
				IPHONEOS_DEPLOYMENT_TARGET = 15.2;
				MTL_ENABLE_DEBUG_INFO = INCLUDE_SOURCE;
				MTL_FAST_MATH = YES;
				ONLY_ACTIVE_ARCH = YES;
				SDKROOT = iphoneos;
				SWIFT_ACTIVE_COMPILATION_CONDITIONS = DEBUG;
				SWIFT_OPTIMIZATION_LEVEL = "-Onone";
			};
			name = Debug;
		};
		C84723512896AFBB003B463E /* Release */ = {
			isa = XCBuildConfiguration;
			buildSettings = {
				ALWAYS_SEARCH_USER_PATHS = NO;
				CLANG_ANALYZER_NONNULL = YES;
				CLANG_ANALYZER_NUMBER_OBJECT_CONVERSION = YES_AGGRESSIVE;
				CLANG_CXX_LANGUAGE_STANDARD = "gnu++17";
				CLANG_CXX_LIBRARY = "libc++";
				CLANG_ENABLE_MODULES = YES;
				CLANG_ENABLE_OBJC_ARC = YES;
				CLANG_ENABLE_OBJC_WEAK = YES;
				CLANG_WARN_BLOCK_CAPTURE_AUTORELEASING = YES;
				CLANG_WARN_BOOL_CONVERSION = YES;
				CLANG_WARN_COMMA = YES;
				CLANG_WARN_CONSTANT_CONVERSION = YES;
				CLANG_WARN_DEPRECATED_OBJC_IMPLEMENTATIONS = YES;
				CLANG_WARN_DIRECT_OBJC_ISA_USAGE = YES_ERROR;
				CLANG_WARN_DOCUMENTATION_COMMENTS = YES;
				CLANG_WARN_EMPTY_BODY = YES;
				CLANG_WARN_ENUM_CONVERSION = YES;
				CLANG_WARN_INFINITE_RECURSION = YES;
				CLANG_WARN_INT_CONVERSION = YES;
				CLANG_WARN_NON_LITERAL_NULL_CONVERSION = YES;
				CLANG_WARN_OBJC_IMPLICIT_RETAIN_SELF = YES;
				CLANG_WARN_OBJC_LITERAL_CONVERSION = YES;
				CLANG_WARN_OBJC_ROOT_CLASS = YES_ERROR;
				CLANG_WARN_QUOTED_INCLUDE_IN_FRAMEWORK_HEADER = YES;
				CLANG_WARN_RANGE_LOOP_ANALYSIS = YES;
				CLANG_WARN_STRICT_PROTOTYPES = YES;
				CLANG_WARN_SUSPICIOUS_MOVE = YES;
				CLANG_WARN_UNGUARDED_AVAILABILITY = YES_AGGRESSIVE;
				CLANG_WARN_UNREACHABLE_CODE = YES;
				CLANG_WARN__DUPLICATE_METHOD_MATCH = YES;
				COPY_PHASE_STRIP = NO;
				DEBUG_INFORMATION_FORMAT = "dwarf-with-dsym";
				ENABLE_NS_ASSERTIONS = NO;
				ENABLE_STRICT_OBJC_MSGSEND = YES;
				GCC_C_LANGUAGE_STANDARD = gnu11;
				GCC_NO_COMMON_BLOCKS = YES;
				GCC_WARN_64_TO_32_BIT_CONVERSION = YES;
				GCC_WARN_ABOUT_RETURN_TYPE = YES_ERROR;
				GCC_WARN_UNDECLARED_SELECTOR = YES;
				GCC_WARN_UNINITIALIZED_AUTOS = YES_AGGRESSIVE;
				GCC_WARN_UNUSED_FUNCTION = YES;
				GCC_WARN_UNUSED_VARIABLE = YES;
				IPHONEOS_DEPLOYMENT_TARGET = 15.2;
				MTL_ENABLE_DEBUG_INFO = NO;
				MTL_FAST_MATH = YES;
				SDKROOT = iphoneos;
				SWIFT_COMPILATION_MODE = wholemodule;
				SWIFT_OPTIMIZATION_LEVEL = "-O";
				VALIDATE_PRODUCT = YES;
			};
			name = Release;
		};
		C84723532896AFBB003B463E /* Debug */ = {
			isa = XCBuildConfiguration;
			buildSettings = {
				ASSETCATALOG_COMPILER_APPICON_NAME = AppIcon;
				ASSETCATALOG_COMPILER_GLOBAL_ACCENT_COLOR_NAME = AccentColor;
				CODE_SIGN_STYLE = Automatic;
				CURRENT_PROJECT_VERSION = 1;
				DEVELOPMENT_ASSET_PATHS = "\"work3_List with pic/Preview Content\"";
				DEVELOPMENT_TEAM = UUXB5LD3ZL;
				ENABLE_PREVIEWS = YES;
				GENERATE_INFOPLIST_FILE = YES;
				INFOPLIST_KEY_UIApplicationSceneManifest_Generation = YES;
				INFOPLIST_KEY_UIApplicationSupportsIndirectInputEvents = YES;
				INFOPLIST_KEY_UILaunchScreen_Generation = YES;
				INFOPLIST_KEY_UISupportedInterfaceOrientations_iPad = "UIInterfaceOrientationPortrait UIInterfaceOrientationPortraitUpsideDown UIInterfaceOrientationLandscapeLeft UIInterfaceOrientationLandscapeRight";
				INFOPLIST_KEY_UISupportedInterfaceOrientations_iPhone = "UIInterfaceOrientationPortrait UIInterfaceOrientationLandscapeLeft UIInterfaceOrientationLandscapeRight";
				LD_RUNPATH_SEARCH_PATHS = (
					"$(inherited)",
					"@executable_path/Frameworks",
				);
				MARKETING_VERSION = 1.0;
				PRODUCT_BUNDLE_IDENTIFIER = "ashin.work3-List-with-pic";
				PRODUCT_NAME = "$(TARGET_NAME)";
				SWIFT_EMIT_LOC_STRINGS = YES;
				SWIFT_VERSION = 5.0;
				TARGETED_DEVICE_FAMILY = "1,2";
			};
			name = Debug;
		};
		C84723542896AFBB003B463E /* Release */ = {
			isa = XCBuildConfiguration;
			buildSettings = {
				ASSETCATALOG_COMPILER_APPICON_NAME = AppIcon;
				ASSETCATALOG_COMPILER_GLOBAL_ACCENT_COLOR_NAME = AccentColor;
				CODE_SIGN_STYLE = Automatic;
				CURRENT_PROJECT_VERSION = 1;
				DEVELOPMENT_ASSET_PATHS = "\"work3_List with pic/Preview Content\"";
				DEVELOPMENT_TEAM = UUXB5LD3ZL;
				ENABLE_PREVIEWS = YES;
				GENERATE_INFOPLIST_FILE = YES;
				INFOPLIST_KEY_UIApplicationSceneManifest_Generation = YES;
				INFOPLIST_KEY_UIApplicationSupportsIndirectInputEvents = YES;
				INFOPLIST_KEY_UILaunchScreen_Generation = YES;
				INFOPLIST_KEY_UISupportedInterfaceOrientations_iPad = "UIInterfaceOrientationPortrait UIInterfaceOrientationPortraitUpsideDown UIInterfaceOrientationLandscapeLeft UIInterfaceOrientationLandscapeRight";
				INFOPLIST_KEY_UISupportedInterfaceOrientations_iPhone = "UIInterfaceOrientationPortrait UIInterfaceOrientationLandscapeLeft UIInterfaceOrientationLandscapeRight";
				LD_RUNPATH_SEARCH_PATHS = (
					"$(inherited)",
					"@executable_path/Frameworks",
				);
				MARKETING_VERSION = 1.0;
				PRODUCT_BUNDLE_IDENTIFIER = "ashin.work3-List-with-pic";
				PRODUCT_NAME = "$(TARGET_NAME)";
				SWIFT_EMIT_LOC_STRINGS = YES;
				SWIFT_VERSION = 5.0;
				TARGETED_DEVICE_FAMILY = "1,2";
			};
			name = Release;
		};
		C84723562896AFBB003B463E /* Debug */ = {
			isa = XCBuildConfiguration;
			buildSettings = {
				ALWAYS_EMBED_SWIFT_STANDARD_LIBRARIES = YES;
				BUNDLE_LOADER = "$(TEST_HOST)";
				CODE_SIGN_STYLE = Automatic;
				CURRENT_PROJECT_VERSION = 1;
				DEVELOPMENT_TEAM = UUXB5LD3ZL;
				GENERATE_INFOPLIST_FILE = YES;
				IPHONEOS_DEPLOYMENT_TARGET = 15.2;
				MARKETING_VERSION = 1.0;
				PRODUCT_BUNDLE_IDENTIFIER = "ashin.work3-List-with-picTests";
				PRODUCT_NAME = "$(TARGET_NAME)";
				SWIFT_EMIT_LOC_STRINGS = NO;
				SWIFT_VERSION = 5.0;
				TARGETED_DEVICE_FAMILY = "1,2";
				TEST_HOST = "$(BUILT_PRODUCTS_DIR)/work3_List with pic.app/work3_List with pic";
			};
			name = Debug;
		};
		C84723572896AFBB003B463E /* Release */ = {
			isa = XCBuildConfiguration;
			buildSettings = {
				ALWAYS_EMBED_SWIFT_STANDARD_LIBRARIES = YES;
				BUNDLE_LOADER = "$(TEST_HOST)";
				CODE_SIGN_STYLE = Automatic;
				CURRENT_PROJECT_VERSION = 1;
				DEVELOPMENT_TEAM = UUXB5LD3ZL;
				GENERATE_INFOPLIST_FILE = YES;
				IPHONEOS_DEPLOYMENT_TARGET = 15.2;
				MARKETING_VERSION = 1.0;
				PRODUCT_BUNDLE_IDENTIFIER = "ashin.work3-List-with-picTests";
				PRODUCT_NAME = "$(TARGET_NAME)";
				SWIFT_EMIT_LOC_STRINGS = NO;
				SWIFT_VERSION = 5.0;
				TARGETED_DEVICE_FAMILY = "1,2";
				TEST_HOST = "$(BUILT_PRODUCTS_DIR)/work3_List with pic.app/work3_List with pic";
			};
			name = Release;
		};
		C84723592896AFBB003B463E /* Debug */ = {
			isa = XCBuildConfiguration;
			buildSettings = {
				ALWAYS_EMBED_SWIFT_STANDARD_LIBRARIES = YES;
				CODE_SIGN_STYLE = Automatic;
				CURRENT_PROJECT_VERSION = 1;
				DEVELOPMENT_TEAM = UUXB5LD3ZL;
				GENERATE_INFOPLIST_FILE = YES;
				MARKETING_VERSION = 1.0;
				PRODUCT_BUNDLE_IDENTIFIER = "ashin.work3-List-with-picUITests";
				PRODUCT_NAME = "$(TARGET_NAME)";
				SWIFT_EMIT_LOC_STRINGS = NO;
				SWIFT_VERSION = 5.0;
				TARGETED_DEVICE_FAMILY = "1,2";
				TEST_TARGET_NAME = "work3_List with pic";
			};
			name = Debug;
		};
		C847235A2896AFBB003B463E /* Release */ = {
			isa = XCBuildConfiguration;
			buildSettings = {
				ALWAYS_EMBED_SWIFT_STANDARD_LIBRARIES = YES;
				CODE_SIGN_STYLE = Automatic;
				CURRENT_PROJECT_VERSION = 1;
				DEVELOPMENT_TEAM = UUXB5LD3ZL;
				GENERATE_INFOPLIST_FILE = YES;
				MARKETING_VERSION = 1.0;
				PRODUCT_BUNDLE_IDENTIFIER = "ashin.work3-List-with-picUITests";
				PRODUCT_NAME = "$(TARGET_NAME)";
				SWIFT_EMIT_LOC_STRINGS = NO;
				SWIFT_VERSION = 5.0;
				TARGETED_DEVICE_FAMILY = "1,2";
				TEST_TARGET_NAME = "work3_List with pic";
			};
			name = Release;
		};
/* End XCBuildConfiguration section */

/* Begin XCConfigurationList section */
		C84723292896AFBA003B463E /* Build configuration list for PBXProject "work3_List with pic" */ = {
			isa = XCConfigurationList;
			buildConfigurations = (
				C84723502896AFBB003B463E /* Debug */,
				C84723512896AFBB003B463E /* Release */,
			);
			defaultConfigurationIsVisible = 0;
			defaultConfigurationName = Release;
		};
		C84723522896AFBB003B463E /* Build configuration list for PBXNativeTarget "work3_List with pic" */ = {
			isa = XCConfigurationList;
			buildConfigurations = (
				C84723532896AFBB003B463E /* Debug */,
				C84723542896AFBB003B463E /* Release */,
			);
			defaultConfigurationIsVisible = 0;
			defaultConfigurationName = Release;
		};
		C84723552896AFBB003B463E /* Build configuration list for PBXNativeTarget "work3_List with picTests" */ = {
			isa = XCConfigurationList;
			buildConfigurations = (
				C84723562896AFBB003B463E /* Debug */,
				C84723572896AFBB003B463E /* Release */,
			);
			defaultConfigurationIsVisible = 0;
			defaultConfigurationName = Release;
		};
		C84723582896AFBB003B463E /* Build configuration list for PBXNativeTarget "work3_List with picUITests" */ = {
			isa = XCConfigurationList;
			buildConfigurations = (
				C84723592896AFBB003B463E /* Debug */,
				C847235A2896AFBB003B463E /* Release */,
			);
			defaultConfigurationIsVisible = 0;
			defaultConfigurationName = Release;
		};
/* End XCConfigurationList section */
	};
	rootObject = C84723262896AFBA003B463E /* Project object */;
}
